PODS:
  - Alamofire (4.7.3)
  - KeychainSwift (11.0.0)
  - R.swift (4.0.0):
    - R.swift.Library (~> 4.0.0)
  - R.swift.Library (4.0.0)

DEPENDENCIES:
  - Alamofire
  - KeychainSwift
  - R.swift

SPEC REPOS:
  https://github.com/cocoapods/specs.git:
    - Alamofire
    - KeychainSwift
    - R.swift
    - R.swift.Library

SPEC CHECKSUMS:
  Alamofire: c7287b6e5d7da964a70935e5db17046b7fde6568
  KeychainSwift: bea6bd9f98af7b8d7ca4aa79fe105c00fab532db
  R.swift: d6a5ec2f55a8441dc0ed9f1f8b37d7d11ae85c66
  R.swift.Library: c3af34921024333546e23b70e70d0b4e0cffca75

PODFILE CHECKSUM: a2aa343d130743a536f5a45cd1df322b00cc4295

COCOAPODS: 1.5.3
