// !$*UTF8*$!
{
	archiveVersion = 1;
	classes = {
	};
	objectVersion = 50;
	objects = {

/* Begin PBXBuildFile section */
		76A5365F2133C7B9003978C2 /* AppDelegate.swift in Sources */ = {isa = PBXBuildFile; fileRef = 76A5365E2133C7B9003978C2 /* AppDelegate.swift */; };
		76A536642133C7B9003978C2 /* Auth.storyboard in Resources */ = {isa = PBXBuildFile; fileRef = 76A536622133C7B9003978C2 /* Auth.storyboard */; };
		76A536662133C7BC003978C2 /* Assets.xcassets in Resources */ = {isa = PBXBuildFile; fileRef = 76A536652133C7BC003978C2 /* Assets.xcassets */; };
		76A536692133C7BC003978C2 /* LaunchScreen.storyboard in Resources */ = {isa = PBXBuildFile; fileRef = 76A536672133C7BC003978C2 /* LaunchScreen.storyboard */; };
		76A536762133DB74003978C2 /* LoginScreen.swift in Sources */ = {isa = PBXBuildFile; fileRef = 76A536752133DB74003978C2 /* LoginScreen.swift */; };
		76A5367B2133E026003978C2 /* R.generated.swift in Sources */ = {isa = PBXBuildFile; fileRef = 76A5367A2133E025003978C2 /* R.generated.swift */; };
		76A5367E2133E087003978C2 /* Localizable.strings in Resources */ = {isa = PBXBuildFile; fileRef = 76A536802133E087003978C2 /* Localizable.strings */; };
		76D9C28E21357B3A005599C1 /* Common.swift in Sources */ = {isa = PBXBuildFile; fileRef = 76D9C28D21357B3A005599C1 /* Common.swift */; };
		76D9C29021357C21005599C1 /* Config.swift in Sources */ = {isa = PBXBuildFile; fileRef = 76D9C28F21357C21005599C1 /* Config.swift */; };
		76D9C29621359AC0005599C1 /* RegistrationScreen.swift in Sources */ = {isa = PBXBuildFile; fileRef = 76D9C29521359AC0005599C1 /* RegistrationScreen.swift */; };
		76FCE068213EB2DA00CA57E9 /* TimeLine.storyboard in Resources */ = {isa = PBXBuildFile; fileRef = 76FCE067213EB2DA00CA57E9 /* TimeLine.storyboard */; };
		76FCE06B213EB33A00CA57E9 /* TimeLineController.swift in Sources */ = {isa = PBXBuildFile; fileRef = 76FCE06A213EB33A00CA57E9 /* TimeLineController.swift */; };
		76FCE06E213EB6C600CA57E9 /* TimeLineCell.swift in Sources */ = {isa = PBXBuildFile; fileRef = 76FCE06D213EB6C600CA57E9 /* TimeLineCell.swift */; };
		76FD49892136D954003BB095 /* AuthService.swift in Sources */ = {isa = PBXBuildFile; fileRef = 76FD49882136D954003BB095 /* AuthService.swift */; };
		76FD498B2136E17E003BB095 /* AuthSwitcher.swift in Sources */ = {isa = PBXBuildFile; fileRef = 76FD498A2136E17E003BB095 /* AuthSwitcher.swift */; };
		B54DB7D2F3349E549E0CC859 /* Pods_TimeLine.framework in Frameworks */ = {isa = PBXBuildFile; fileRef = 15348E70034D469268B8C533 /* Pods_TimeLine.framework */; };
/* End PBXBuildFile section */

/* Begin PBXFileReference section */
		15348E70034D469268B8C533 /* Pods_TimeLine.framework */ = {isa = PBXFileReference; explicitFileType = wrapper.framework; includeInIndex = 0; path = Pods_TimeLine.framework; sourceTree = BUILT_PRODUCTS_DIR; };
		1DC25690E7FD14D65AB0FAFE /* Pods-TimeLine.debug.xcconfig */ = {isa = PBXFileReference; includeInIndex = 1; lastKnownFileType = text.xcconfig; name = "Pods-TimeLine.debug.xcconfig"; path = "Pods/Target Support Files/Pods-TimeLine/Pods-TimeLine.debug.xcconfig"; sourceTree = "<group>"; };
		63CA469703F85DFC0B54AC3F /* Pods-TimeLine.release.xcconfig */ = {isa = PBXFileReference; includeInIndex = 1; lastKnownFileType = text.xcconfig; name = "Pods-TimeLine.release.xcconfig"; path = "Pods/Target Support Files/Pods-TimeLine/Pods-TimeLine.release.xcconfig"; sourceTree = "<group>"; };
		76A5365B2133C7B9003978C2 /* TimeLine.app */ = {isa = PBXFileReference; explicitFileType = wrapper.application; includeInIndex = 0; path = TimeLine.app; sourceTree = BUILT_PRODUCTS_DIR; };
		76A5365E2133C7B9003978C2 /* AppDelegate.swift */ = {isa = PBXFileReference; lastKnownFileType = sourcecode.swift; path = AppDelegate.swift; sourceTree = "<group>"; };
		76A536632133C7B9003978C2 /* Base */ = {isa = PBXFileReference; lastKnownFileType = file.storyboard; name = Base; path = Base.lproj/Auth.storyboard; sourceTree = "<group>"; };
		76A536652133C7BC003978C2 /* Assets.xcassets */ = {isa = PBXFileReference; lastKnownFileType = folder.assetcatalog; path = Assets.xcassets; sourceTree = "<group>"; };
		76A536682133C7BC003978C2 /* Base */ = {isa = PBXFileReference; lastKnownFileType = file.storyboard; name = Base; path = Base.lproj/LaunchScreen.storyboard; sourceTree = "<group>"; };
		76A5366A2133C7BC003978C2 /* Info.plist */ = {isa = PBXFileReference; lastKnownFileType = text.plist.xml; path = Info.plist; sourceTree = "<group>"; };
		76A536752133DB74003978C2 /* LoginScreen.swift */ = {isa = PBXFileReference; lastKnownFileType = sourcecode.swift; path = LoginScreen.swift; sourceTree = "<group>"; };
		76A5367A2133E025003978C2 /* R.generated.swift */ = {isa = PBXFileReference; fileEncoding = 4; lastKnownFileType = sourcecode.swift; path = R.generated.swift; sourceTree = "<group>"; };
		76A536832133E0DA003978C2 /* Base */ = {isa = PBXFileReference; lastKnownFileType = text.plist.strings; name = Base; path = Base.lproj/Localizable.strings; sourceTree = "<group>"; };
		76D9C28D21357B3A005599C1 /* Common.swift */ = {isa = PBXFileReference; lastKnownFileType = sourcecode.swift; path = Common.swift; sourceTree = "<group>"; };
		76D9C28F21357C21005599C1 /* Config.swift */ = {isa = PBXFileReference; lastKnownFileType = sourcecode.swift; path = Config.swift; sourceTree = "<group>"; };
		76D9C29121358A57005599C1 /* ru */ = {isa = PBXFileReference; lastKnownFileType = text.plist.strings; name = ru; path = ru.lproj/Localizable.strings; sourceTree = "<group>"; };
		76D9C29521359AC0005599C1 /* RegistrationScreen.swift */ = {isa = PBXFileReference; lastKnownFileType = sourcecode.swift; path = RegistrationScreen.swift; sourceTree = "<group>"; };
		76FCE067213EB2DA00CA57E9 /* TimeLine.storyboard */ = {isa = PBXFileReference; lastKnownFileType = file.storyboard; path = TimeLine.storyboard; sourceTree = "<group>"; };
		76FCE06A213EB33A00CA57E9 /* TimeLineController.swift */ = {isa = PBXFileReference; lastKnownFileType = sourcecode.swift; path = TimeLineController.swift; sourceTree = "<group>"; };
		76FCE06D213EB6C600CA57E9 /* TimeLineCell.swift */ = {isa = PBXFileReference; lastKnownFileType = sourcecode.swift; path = TimeLineCell.swift; sourceTree = "<group>"; };
		76FD49882136D954003BB095 /* AuthService.swift */ = {isa = PBXFileReference; lastKnownFileType = sourcecode.swift; path = AuthService.swift; sourceTree = "<group>"; };
		76FD498A2136E17E003BB095 /* AuthSwitcher.swift */ = {isa = PBXFileReference; lastKnownFileType = sourcecode.swift; path = AuthSwitcher.swift; sourceTree = "<group>"; };
/* End PBXFileReference section */

/* Begin PBXFrameworksBuildPhase section */
		76A536582133C7B9003978C2 /* Frameworks */ = {
			isa = PBXFrameworksBuildPhase;
			buildActionMask = 2147483647;
			files = (
				B54DB7D2F3349E549E0CC859 /* Pods_TimeLine.framework in Frameworks */,
			);
			runOnlyForDeploymentPostprocessing = 0;
		};
/* End PBXFrameworksBuildPhase section */

/* Begin PBXGroup section */
		619D6A3A3145205BD87994FF /* Frameworks */ = {
			isa = PBXGroup;
			children = (
				15348E70034D469268B8C533 /* Pods_TimeLine.framework */,
			);
			name = Frameworks;
			sourceTree = "<group>";
		};
		76A536522133C7B9003978C2 = {
			isa = PBXGroup;
			children = (
				76A5365D2133C7B9003978C2 /* TimeLine */,
				76A5365C2133C7B9003978C2 /* Products */,
				BBBD2D0604F768495833E87C /* Pods */,
				619D6A3A3145205BD87994FF /* Frameworks */,
			);
			sourceTree = "<group>";
		};
		76A5365C2133C7B9003978C2 /* Products */ = {
			isa = PBXGroup;
			children = (
				76A5365B2133C7B9003978C2 /* TimeLine.app */,
			);
			name = Products;
			sourceTree = "<group>";
		};
		76A5365D2133C7B9003978C2 /* TimeLine */ = {
			isa = PBXGroup;
			children = (
				76A536702133C80C003978C2 /* Sources */,
				76A536712133C81B003978C2 /* Resources */,
			);
			path = TimeLine;
			sourceTree = "<group>";
		};
		76A536702133C80C003978C2 /* Sources */ = {
			isa = PBXGroup;
			children = (
				76D9C294213593B8005599C1 /* Screens */,
				76D9C2932135938D005599C1 /* Models */,
				76D9C29221359386005599C1 /* Services */,
				76A536772133DCB3003978C2 /* Utilities */,
				76A5365E2133C7B9003978C2 /* AppDelegate.swift */,
				76D9C28F21357C21005599C1 /* Config.swift */,
			);
			path = Sources;
			sourceTree = "<group>";
		};
		76A536712133C81B003978C2 /* Resources */ = {
			isa = PBXGroup;
			children = (
				76A5367A2133E025003978C2 /* R.generated.swift */,
				76A536652133C7BC003978C2 /* Assets.xcassets */,
				76A536672133C7BC003978C2 /* LaunchScreen.storyboard */,
				76A5366A2133C7BC003978C2 /* Info.plist */,
				76A536802133E087003978C2 /* Localizable.strings */,
			);
			path = Resources;
			sourceTree = "<group>";
		};
		76A536722133CFB1003978C2 /* Authorization */ = {
			isa = PBXGroup;
			children = (
				76A536732133D084003978C2 /* LoginController */,
				76A536742133D08C003978C2 /* RegistrationController */,
				76A536622133C7B9003978C2 /* Auth.storyboard */,
			);
			path = Authorization;
			sourceTree = "<group>";
		};
		76A536732133D084003978C2 /* LoginController */ = {
			isa = PBXGroup;
			children = (
				76A536752133DB74003978C2 /* LoginScreen.swift */,
			);
			path = LoginController;
			sourceTree = "<group>";
		};
		76A536742133D08C003978C2 /* RegistrationController */ = {
			isa = PBXGroup;
			children = (
				76D9C29521359AC0005599C1 /* RegistrationScreen.swift */,
			);
			path = RegistrationController;
			sourceTree = "<group>";
		};
		76A536772133DCB3003978C2 /* Utilities */ = {
			isa = PBXGroup;
			children = (
				76A536782133DCBA003978C2 /* Extension */,
				76D9C28D21357B3A005599C1 /* Common.swift */,
			);
			path = Utilities;
			sourceTree = "<group>";
		};
		76A536782133DCBA003978C2 /* Extension */ = {
			isa = PBXGroup;
			children = (
			);
			path = Extension;
			sourceTree = "<group>";
		};
		76D9C29221359386005599C1 /* Services */ = {
			isa = PBXGroup;
			children = (
				76FD49882136D954003BB095 /* AuthService.swift */,
				76FD498A2136E17E003BB095 /* AuthSwitcher.swift */,
			);
			path = Services;
			sourceTree = "<group>";
		};
		76D9C2932135938D005599C1 /* Models */ = {
			isa = PBXGroup;
			children = (
			);
			path = Models;
			sourceTree = "<group>";
		};
		76D9C294213593B8005599C1 /* Screens */ = {
			isa = PBXGroup;
			children = (
				76FCE066213EB29100CA57E9 /* TimeLineScreen */,
				76A536722133CFB1003978C2 /* Authorization */,
			);
			path = Screens;
			sourceTree = "<group>";
		};
		76FCE066213EB29100CA57E9 /* TimeLineScreen */ = {
			isa = PBXGroup;
			children = (
				76FCE069213EB30000CA57E9 /* TimeLineController */,
				76FCE06C213EB6AD00CA57E9 /* CustomCell */,
				76FCE067213EB2DA00CA57E9 /* TimeLine.storyboard */,
			);
			path = TimeLineScreen;
			sourceTree = "<group>";
		};
		76FCE069213EB30000CA57E9 /* TimeLineController */ = {
			isa = PBXGroup;
			children = (
				76FCE06A213EB33A00CA57E9 /* TimeLineController.swift */,
			);
			path = TimeLineController;
			sourceTree = "<group>";
		};
		76FCE06C213EB6AD00CA57E9 /* CustomCell */ = {
			isa = PBXGroup;
			children = (
				76FCE06D213EB6C600CA57E9 /* TimeLineCell.swift */,
			);
			path = CustomCell;
			sourceTree = "<group>";
		};
		BBBD2D0604F768495833E87C /* Pods */ = {
			isa = PBXGroup;
			children = (
				1DC25690E7FD14D65AB0FAFE /* Pods-TimeLine.debug.xcconfig */,
				63CA469703F85DFC0B54AC3F /* Pods-TimeLine.release.xcconfig */,
			);
			name = Pods;
			sourceTree = "<group>";
		};
/* End PBXGroup section */

/* Begin PBXNativeTarget section */
		76A5365A2133C7B9003978C2 /* TimeLine */ = {
			isa = PBXNativeTarget;
			buildConfigurationList = 76A5366D2133C7BC003978C2 /* Build configuration list for PBXNativeTarget "TimeLine" */;
			buildPhases = (
				847FB7AC06C78DF83394A655 /* [CP] Check Pods Manifest.lock */,
				76A536792133DFC6003978C2 /* [CP] R.swift */,
				76A536572133C7B9003978C2 /* Sources */,
				76A536582133C7B9003978C2 /* Frameworks */,
				76A536592133C7B9003978C2 /* Resources */,
				05BA12460421EC88BBED4AF0 /* [CP] Embed Pods Frameworks */,
			);
			buildRules = (
			);
			dependencies = (
			);
			name = TimeLine;
			productName = TimeLine;
			productReference = 76A5365B2133C7B9003978C2 /* TimeLine.app */;
			productType = "com.apple.product-type.application";
		};
/* End PBXNativeTarget section */

/* Begin PBXProject section */
		76A536532133C7B9003978C2 /* Project object */ = {
			isa = PBXProject;
			attributes = {
				LastSwiftUpdateCheck = 0940;
				LastUpgradeCheck = 0940;
				ORGANIZATIONNAME = kostindevelop;
				TargetAttributes = {
					76A5365A2133C7B9003978C2 = {
						CreatedOnToolsVersion = 9.4.1;
					};
				};
			};
			buildConfigurationList = 76A536562133C7B9003978C2 /* Build configuration list for PBXProject "TimeLine" */;
			compatibilityVersion = "Xcode 9.3";
			developmentRegion = en;
			hasScannedForEncodings = 0;
			knownRegions = (
				en,
				Base,
				ru,
			);
			mainGroup = 76A536522133C7B9003978C2;
			productRefGroup = 76A5365C2133C7B9003978C2 /* Products */;
			projectDirPath = "";
			projectRoot = "";
			targets = (
				76A5365A2133C7B9003978C2 /* TimeLine */,
			);
		};
/* End PBXProject section */

/* Begin PBXResourcesBuildPhase section */
		76A536592133C7B9003978C2 /* Resources */ = {
			isa = PBXResourcesBuildPhase;
			buildActionMask = 2147483647;
			files = (
				76A536692133C7BC003978C2 /* LaunchScreen.storyboard in Resources */,
				76FCE068213EB2DA00CA57E9 /* TimeLine.storyboard in Resources */,
				76A5367E2133E087003978C2 /* Localizable.strings in Resources */,
				76A536662133C7BC003978C2 /* Assets.xcassets in Resources */,
				76A536642133C7B9003978C2 /* Auth.storyboard in Resources */,
			);
			runOnlyForDeploymentPostprocessing = 0;
		};
/* End PBXResourcesBuildPhase section */

/* Begin PBXShellScriptBuildPhase section */
		05BA12460421EC88BBED4AF0 /* [CP] Embed Pods Frameworks */ = {
			isa = PBXShellScriptBuildPhase;
			buildActionMask = 2147483647;
			files = (
			);
			inputPaths = (
				"${SRCROOT}/Pods/Target Support Files/Pods-TimeLine/Pods-TimeLine-frameworks.sh",
				"${BUILT_PRODUCTS_DIR}/Alamofire/Alamofire.framework",
				"${BUILT_PRODUCTS_DIR}/KeychainSwift/KeychainSwift.framework",
				"${BUILT_PRODUCTS_DIR}/R.swift.Library/Rswift.framework",
				"${BUILT_PRODUCTS_DIR}/Realm/Realm.framework",
				"${BUILT_PRODUCTS_DIR}/RealmSwift/RealmSwift.framework",
				"${BUILT_PRODUCTS_DIR}/SkyFloatingLabelTextField/SkyFloatingLabelTextField.framework",
			);
			name = "[CP] Embed Pods Frameworks";
			outputPaths = (
				"${TARGET_BUILD_DIR}/${FRAMEWORKS_FOLDER_PATH}/Alamofire.framework",
				"${TARGET_BUILD_DIR}/${FRAMEWORKS_FOLDER_PATH}/KeychainSwift.framework",
				"${TARGET_BUILD_DIR}/${FRAMEWORKS_FOLDER_PATH}/Rswift.framework",
				"${TARGET_BUILD_DIR}/${FRAMEWORKS_FOLDER_PATH}/Realm.framework",
				"${TARGET_BUILD_DIR}/${FRAMEWORKS_FOLDER_PATH}/RealmSwift.framework",
				"${TARGET_BUILD_DIR}/${FRAMEWORKS_FOLDER_PATH}/SkyFloatingLabelTextField.framework",
			);
			runOnlyForDeploymentPostprocessing = 0;
			shellPath = /bin/sh;
			shellScript = "\"${SRCROOT}/Pods/Target Support Files/Pods-TimeLine/Pods-TimeLine-frameworks.sh\"\n";
			showEnvVarsInLog = 0;
		};
		76A536792133DFC6003978C2 /* [CP] R.swift */ = {
			isa = PBXShellScriptBuildPhase;
			buildActionMask = 2147483647;
			files = (
			);
			inputPaths = (
			);
			name = "[CP] R.swift";
			outputPaths = (
			);
			runOnlyForDeploymentPostprocessing = 0;
			shellPath = /bin/sh;
			shellScript = "\"$PODS_ROOT/R.swift/rswift\" generate \"$SRCROOT/TimeLine/Resources\"";
		};
		847FB7AC06C78DF83394A655 /* [CP] Check Pods Manifest.lock */ = {
			isa = PBXShellScriptBuildPhase;
			buildActionMask = 2147483647;
			files = (
			);
			inputPaths = (
				"${PODS_PODFILE_DIR_PATH}/Podfile.lock",
				"${PODS_ROOT}/Manifest.lock",
			);
			name = "[CP] Check Pods Manifest.lock";
			outputPaths = (
				"$(DERIVED_FILE_DIR)/Pods-TimeLine-checkManifestLockResult.txt",
			);
			runOnlyForDeploymentPostprocessing = 0;
			shellPath = /bin/sh;
			shellScript = "diff \"${PODS_PODFILE_DIR_PATH}/Podfile.lock\" \"${PODS_ROOT}/Manifest.lock\" > /dev/null\nif [ $? != 0 ] ; then\n    # print error to STDERR\n    echo \"error: The sandbox is not in sync with the Podfile.lock. Run 'pod install' or update your CocoaPods installation.\" >&2\n    exit 1\nfi\n# This output is used by Xcode 'outputs' to avoid re-running this script phase.\necho \"SUCCESS\" > \"${SCRIPT_OUTPUT_FILE_0}\"\n";
			showEnvVarsInLog = 0;
		};
/* End PBXShellScriptBuildPhase section */

/* Begin PBXSourcesBuildPhase section */
		76A536572133C7B9003978C2 /* Sources */ = {
			isa = PBXSourcesBuildPhase;
			buildActionMask = 2147483647;
			files = (
				76FD498B2136E17E003BB095 /* AuthSwitcher.swift in Sources */,
				76D9C28E21357B3A005599C1 /* Common.swift in Sources */,
				76A5365F2133C7B9003978C2 /* AppDelegate.swift in Sources */,
				76D9C29021357C21005599C1 /* Config.swift in Sources */,
				76FCE06B213EB33A00CA57E9 /* TimeLineController.swift in Sources */,
				76A536762133DB74003978C2 /* LoginScreen.swift in Sources */,
				76D9C29621359AC0005599C1 /* RegistrationScreen.swift in Sources */,
				76A5367B2133E026003978C2 /* R.generated.swift in Sources */,
				76FCE06E213EB6C600CA57E9 /* TimeLineCell.swift in Sources */,
				76FD49892136D954003BB095 /* AuthService.swift in Sources */,
			);
			runOnlyForDeploymentPostprocessing = 0;
		};
/* End PBXSourcesBuildPhase section */

/* Begin PBXVariantGroup section */
		76A536622133C7B9003978C2 /* Auth.storyboard */ = {
			isa = PBXVariantGroup;
			children = (
				76A536632133C7B9003978C2 /* Base */,
			);
			name = Auth.storyboard;
			sourceTree = "<group>";
		};
		76A536672133C7BC003978C2 /* LaunchScreen.storyboard */ = {
			isa = PBXVariantGroup;
			children = (
				76A536682133C7BC003978C2 /* Base */,
			);
			name = LaunchScreen.storyboard;
			sourceTree = "<group>";
		};
		76A536802133E087003978C2 /* Localizable.strings */ = {
			isa = PBXVariantGroup;
			children = (
				76A536832133E0DA003978C2 /* Base */,
				76D9C29121358A57005599C1 /* ru */,
			);
			name = Localizable.strings;
			path = ../../../../Documents;
			sourceTree = "<group>";
		};
/* End PBXVariantGroup section */

/* Begin XCBuildConfiguration section */
		76A5366B2133C7BC003978C2 /* Debug */ = {
			isa = XCBuildConfiguration;
			buildSettings = {
				ALWAYS_SEARCH_USER_PATHS = NO;
				CLANG_ANALYZER_LOCALIZABILITY_NONLOCALIZED = YES;
				CLANG_ANALYZER_NONNULL = YES;
				CLANG_ANALYZER_NUMBER_OBJECT_CONVERSION = YES_AGGRESSIVE;
				CLANG_CXX_LANGUAGE_STANDARD = "gnu++14";
				CLANG_CXX_LIBRARY = "libc++";
				CLANG_ENABLE_MODULES = YES;
				CLANG_ENABLE_OBJC_ARC = YES;
				CLANG_ENABLE_OBJC_WEAK = YES;
				CLANG_WARN_BLOCK_CAPTURE_AUTORELEASING = YES;
				CLANG_WARN_BOOL_CONVERSION = YES;
				CLANG_WARN_COMMA = YES;
				CLANG_WARN_CONSTANT_CONVERSION = YES;
				CLANG_WARN_DEPRECATED_OBJC_IMPLEMENTATIONS = YES;
				CLANG_WARN_DIRECT_OBJC_ISA_USAGE = YES_ERROR;
				CLANG_WARN_DOCUMENTATION_COMMENTS = YES;
				CLANG_WARN_EMPTY_BODY = YES;
				CLANG_WARN_ENUM_CONVERSION = YES;
				CLANG_WARN_INFINITE_RECURSION = YES;
				CLANG_WARN_INT_CONVERSION = YES;
				CLANG_WARN_NON_LITERAL_NULL_CONVERSION = YES;
				CLANG_WARN_OBJC_IMPLICIT_RETAIN_SELF = YES;
				CLANG_WARN_OBJC_LITERAL_CONVERSION = YES;
				CLANG_WARN_OBJC_ROOT_CLASS = YES_ERROR;
				CLANG_WARN_RANGE_LOOP_ANALYSIS = YES;
				CLANG_WARN_STRICT_PROTOTYPES = YES;
				CLANG_WARN_SUSPICIOUS_MOVE = YES;
				CLANG_WARN_UNGUARDED_AVAILABILITY = YES_AGGRESSIVE;
				CLANG_WARN_UNREACHABLE_CODE = YES;
				CLANG_WARN__DUPLICATE_METHOD_MATCH = YES;
				CODE_SIGN_IDENTITY = "iPhone Developer";
				COPY_PHASE_STRIP = NO;
				DEBUG_INFORMATION_FORMAT = dwarf;
				ENABLE_STRICT_OBJC_MSGSEND = YES;
				ENABLE_TESTABILITY = YES;
				GCC_C_LANGUAGE_STANDARD = gnu11;
				GCC_DYNAMIC_NO_PIC = NO;
				GCC_NO_COMMON_BLOCKS = YES;
				GCC_OPTIMIZATION_LEVEL = 0;
				GCC_PREPROCESSOR_DEFINITIONS = (
					"DEBUG=1",
					"$(inherited)",
				);
				GCC_WARN_64_TO_32_BIT_CONVERSION = YES;
				GCC_WARN_ABOUT_RETURN_TYPE = YES_ERROR;
				GCC_WARN_UNDECLARED_SELECTOR = YES;
				GCC_WARN_UNINITIALIZED_AUTOS = YES_AGGRESSIVE;
				GCC_WARN_UNUSED_FUNCTION = YES;
				GCC_WARN_UNUSED_VARIABLE = YES;
				IPHONEOS_DEPLOYMENT_TARGET = 11.0;
				MTL_ENABLE_DEBUG_INFO = YES;
				ONLY_ACTIVE_ARCH = YES;
				SDKROOT = iphoneos;
				SWIFT_ACTIVE_COMPILATION_CONDITIONS = DEBUG;
				SWIFT_OPTIMIZATION_LEVEL = "-Onone";
			};
			name = Debug;
		};
		76A5366C2133C7BC003978C2 /* Release */ = {
			isa = XCBuildConfiguration;
			buildSettings = {
				ALWAYS_SEARCH_USER_PATHS = NO;
				CLANG_ANALYZER_LOCALIZABILITY_NONLOCALIZED = YES;
				CLANG_ANALYZER_NONNULL = YES;
				CLANG_ANALYZER_NUMBER_OBJECT_CONVERSION = YES_AGGRESSIVE;
				CLANG_CXX_LANGUAGE_STANDARD = "gnu++14";
				CLANG_CXX_LIBRARY = "libc++";
				CLANG_ENABLE_MODULES = YES;
				CLANG_ENABLE_OBJC_ARC = YES;
				CLANG_ENABLE_OBJC_WEAK = YES;
				CLANG_WARN_BLOCK_CAPTURE_AUTORELEASING = YES;
				CLANG_WARN_BOOL_CONVERSION = YES;
				CLANG_WARN_COMMA = YES;
				CLANG_WARN_CONSTANT_CONVERSION = YES;
				CLANG_WARN_DEPRECATED_OBJC_IMPLEMENTATIONS = YES;
				CLANG_WARN_DIRECT_OBJC_ISA_USAGE = YES_ERROR;
				CLANG_WARN_DOCUMENTATION_COMMENTS = YES;
				CLANG_WARN_EMPTY_BODY = YES;
				CLANG_WARN_ENUM_CONVERSION = YES;
				CLANG_WARN_INFINITE_RECURSION = YES;
				CLANG_WARN_INT_CONVERSION = YES;
				CLANG_WARN_NON_LITERAL_NULL_CONVERSION = YES;
				CLANG_WARN_OBJC_IMPLICIT_RETAIN_SELF = YES;
				CLANG_WARN_OBJC_LITERAL_CONVERSION = YES;
				CLANG_WARN_OBJC_ROOT_CLASS = YES_ERROR;
				CLANG_WARN_RANGE_LOOP_ANALYSIS = YES;
				CLANG_WARN_STRICT_PROTOTYPES = YES;
				CLANG_WARN_SUSPICIOUS_MOVE = YES;
				CLANG_WARN_UNGUARDED_AVAILABILITY = YES_AGGRESSIVE;
				CLANG_WARN_UNREACHABLE_CODE = YES;
				CLANG_WARN__DUPLICATE_METHOD_MATCH = YES;
				CODE_SIGN_IDENTITY = "iPhone Developer";
				COPY_PHASE_STRIP = NO;
				DEBUG_INFORMATION_FORMAT = "dwarf-with-dsym";
				ENABLE_NS_ASSERTIONS = NO;
				ENABLE_STRICT_OBJC_MSGSEND = YES;
				GCC_C_LANGUAGE_STANDARD = gnu11;
				GCC_NO_COMMON_BLOCKS = YES;
				GCC_WARN_64_TO_32_BIT_CONVERSION = YES;
				GCC_WARN_ABOUT_RETURN_TYPE = YES_ERROR;
				GCC_WARN_UNDECLARED_SELECTOR = YES;
				GCC_WARN_UNINITIALIZED_AUTOS = YES_AGGRESSIVE;
				GCC_WARN_UNUSED_FUNCTION = YES;
				GCC_WARN_UNUSED_VARIABLE = YES;
				IPHONEOS_DEPLOYMENT_TARGET = 11.0;
				MTL_ENABLE_DEBUG_INFO = NO;
				SDKROOT = iphoneos;
				SWIFT_COMPILATION_MODE = wholemodule;
				SWIFT_OPTIMIZATION_LEVEL = "-O";
				VALIDATE_PRODUCT = YES;
			};
			name = Release;
		};
		76A5366E2133C7BC003978C2 /* Debug */ = {
			isa = XCBuildConfiguration;
			baseConfigurationReference = 1DC25690E7FD14D65AB0FAFE /* Pods-TimeLine.debug.xcconfig */;
			buildSettings = {
				ASSETCATALOG_COMPILER_APPICON_NAME = AppIcon;
				CODE_SIGN_STYLE = Automatic;
				DEVELOPMENT_TEAM = UH5E4S62N6;
				INFOPLIST_FILE = "$(SRCROOT)/TimeLine/Resources/Info.plist";
				LD_RUNPATH_SEARCH_PATHS = "$(inherited) @executable_path/Frameworks";
				PRODUCT_BUNDLE_IDENTIFIER = ka.TimeLine;
				PRODUCT_NAME = "$(TARGET_NAME)";
				SWIFT_VERSION = 4.0;
				TARGETED_DEVICE_FAMILY = "1,2";
			};
			name = Debug;
		};
		76A5366F2133C7BC003978C2 /* Release */ = {
			isa = XCBuildConfiguration;
			baseConfigurationReference = 63CA469703F85DFC0B54AC3F /* Pods-TimeLine.release.xcconfig */;
			buildSettings = {
				ASSETCATALOG_COMPILER_APPICON_NAME = AppIcon;
				CODE_SIGN_STYLE = Automatic;
				DEVELOPMENT_TEAM = UH5E4S62N6;
				INFOPLIST_FILE = "$(SRCROOT)/TimeLine/Resources/Info.plist";
				LD_RUNPATH_SEARCH_PATHS = "$(inherited) @executable_path/Frameworks";
				PRODUCT_BUNDLE_IDENTIFIER = ka.TimeLine;
				PRODUCT_NAME = "$(TARGET_NAME)";
				SWIFT_VERSION = 4.0;
				TARGETED_DEVICE_FAMILY = "1,2";
			};
			name = Release;
		};
/* End XCBuildConfiguration section */

/* Begin XCConfigurationList section */
		76A536562133C7B9003978C2 /* Build configuration list for PBXProject "TimeLine" */ = {
			isa = XCConfigurationList;
			buildConfigurations = (
				76A5366B2133C7BC003978C2 /* Debug */,
				76A5366C2133C7BC003978C2 /* Release */,
			);
			defaultConfigurationIsVisible = 0;
			defaultConfigurationName = Release;
		};
		76A5366D2133C7BC003978C2 /* Build configuration list for PBXNativeTarget "TimeLine" */ = {
			isa = XCConfigurationList;
			buildConfigurations = (
				76A5366E2133C7BC003978C2 /* Debug */,
				76A5366F2133C7BC003978C2 /* Release */,
			);
			defaultConfigurationIsVisible = 0;
			defaultConfigurationName = Release;
		};
/* End XCConfigurationList section */
	};
	rootObject = 76A536532133C7B9003978C2 /* Project object */;
}
